
Microsoft Visual Studio Solution File, Format Version 12.00
# Visual Studio Version 16
VisualStudioVersion = 16.0.30611.23
MinimumVisualStudioVersion = 10.0.40219.1
Project("{D954291E-2A0B-460D-934E-DC6B0785DB48}") = "CollectionsUtility", "CollectionsUtility\CollectionsUtility.shproj", "{20A532D7-469C-4A41-B0E7-6DBB182D9B7E}"
EndProject
Project("{9A19103F-16F7-4668-BE54-9A1E7A4F7556}") = "CollectionsUtility.DotNetStd", "CollectionsUtility.DotNetStd\CollectionsUtility.DotNetStd.csproj", "{1E514EB8-DCFE-456B-8D1F-CF8CDEAB08EE}"
EndProject
Project("{D954291E-2A0B-460D-934E-DC6B0785DB48}") = "CollectionsUtility.Abstract", "CollectionsUtility.Abstract\CollectionsUtility.Abstract.shproj", "{998136E8-60AD-4749-B779-FDB826BC2591}"
EndProject
Project("{2150E333-8FDC-42A3-9474-1A3956D46DE8}") = "Solution Items", "Solution Items", "{9F4A0112-585D-451A-A606-10CCAF8A5AF5}"
	ProjectSection(SolutionItems) = preProject
		Readme.md = Readme.md
		Readme_Histogram.md = Readme_Histogram.md
		Readme_MultiValueDictionary.md = Readme_MultiValueDictionary.md
		Readme_UniqueList.md = Readme_UniqueList.md
	EndProjectSection
EndProject
Project("{9A19103F-16F7-4668-BE54-9A1E7A4F7556}") = "CollectionsUtility.Tests", "CollectionsUtility.Tests\CollectionsUtility.Tests.csproj", "{45903DED-5432-4DAC-97F6-52C6A2E3BB79}"
EndProject
Global
	GlobalSection(SharedMSBuildProjectFiles) = preSolution
		CollectionsUtility.Abstract\CollectionsUtility.Abstract.projitems*{1e514eb8-dcfe-456b-8d1f-cf8cdeab08ee}*SharedItemsImports = 5
		CollectionsUtility\CollectionsUtility.projitems*{1e514eb8-dcfe-456b-8d1f-cf8cdeab08ee}*SharedItemsImports = 5
		CollectionsUtility\CollectionsUtility.projitems*{20a532d7-469c-4a41-b0e7-6dbb182d9b7e}*SharedItemsImports = 13
		CollectionsUtility.Abstract\CollectionsUtility.Abstract.projitems*{998136e8-60ad-4749-b779-fdb826bc2591}*SharedItemsImports = 13
	EndGlobalSection
	GlobalSection(SolutionConfigurationPlatforms) = preSolution
		Debug|Any CPU = Debug|Any CPU
		Release|Any CPU = Release|Any CPU
	EndGlobalSection
	GlobalSection(ProjectConfigurationPlatforms) = postSolution
		{1E514EB8-DCFE-456B-8D1F-CF8CDEAB08EE}.Debug|Any CPU.ActiveCfg = Debug|Any CPU
		{1E514EB8-DCFE-456B-8D1F-CF8CDEAB08EE}.Debug|Any CPU.Build.0 = Debug|Any CPU
		{1E514EB8-DCFE-456B-8D1F-CF8CDEAB08EE}.Release|Any CPU.ActiveCfg = Release|Any CPU
		{1E514EB8-DCFE-456B-8D1F-CF8CDEAB08EE}.Release|Any CPU.Build.0 = Release|Any CPU
		{45903DED-5432-4DAC-97F6-52C6A2E3BB79}.Debug|Any CPU.ActiveCfg = Debug|Any CPU
		{45903DED-5432-4DAC-97F6-52C6A2E3BB79}.Debug|Any CPU.Build.0 = Debug|Any CPU
		{45903DED-5432-4DAC-97F6-52C6A2E3BB79}.Release|Any CPU.ActiveCfg = Release|Any CPU
		{45903DED-5432-4DAC-97F6-52C6A2E3BB79}.Release|Any CPU.Build.0 = Release|Any CPU
	EndGlobalSection
	GlobalSection(SolutionProperties) = preSolution
		HideSolutionNode = FALSE
	EndGlobalSection
	GlobalSection(ExtensibilityGlobals) = postSolution
		SolutionGuid = {2959C258-4A2E-445F-9C4F-F531D556429E}
	EndGlobalSection
EndGlobal
